
Microsoft Visual Studio Solution File, Format Version 11.00
# Visual Studio 2010
Project("{FAE04EC0-301F-11D3-BF4B-00C04F79EFBC}") = "PostNukeSurfaceTweaks", "PostNukeSurfaceTweaks.csproj", "{579E5963-B375-41DA-9FFD-75E34369113F}"
EndProject
Global
	GlobalSection(SolutionConfigurationPlatforms) = preSolution
		Debug|Any CPU = Debug|Any CPU
		Release|Any CPU = Release|Any CPU
	EndGlobalSection
	GlobalSection(ProjectConfigurationPlatforms) = postSolution
		{579E5963-B375-41DA-9FFD-75E34369113F}.Debug|Any CPU.ActiveCfg = Debug|Any CPU
		{579E5963-B375-41DA-9FFD-75E34369113F}.Debug|Any CPU.Build.0 = Debug|Any CPU
		{579E5963-B375-41DA-9FFD-75E34369113F}.Release|Any CPU.ActiveCfg = Release|Any CPU
		{579E5963-B375-41DA-9FFD-75E34369113F}.Release|Any CPU.Build.0 = Release|Any CPU
	EndGlobalSection
	GlobalSection(SolutionProperties) = preSolution
		HideSolutionNode = FALSE
	EndGlobalSection
EndGlobal
